<Solution>
  <Folder Name="/src/">
    <Project Path="src/Codex.Application/Codex.Application.csproj" />
    <Project Path="src/Codex.Domain/Codex.Domain.csproj" />
    <Project Path="src/Codex.Infrastructure/Codex.Infrastructure.csproj" />
  </Folder>
  <Folder Name="/test/">
    <Project Path="test/Codex.ArchitectureTests/Codex.ArchitectureTests.csproj" />
    <Project Path="test/Codex.Domain.UnitTests/Codex.Domain.UnitTests.csproj" />
  </Folder>
</Solution>
